// !$*UTF8*$!
{
	archiveVersion = 1;
	classes = {
	};
	objectVersion = 56;
	objects = {

/* Begin PBXBuildFile section */
		622DE5BB2B5387E700D98804 /* GetListCharactersResponse.swift in Sources */ = {isa = PBXBuildFile; fileRef = 622DE5BA2B5387E700D98804 /* GetListCharactersResponse.swift */; };
		622DE5BD2B5394D000D98804 /* CharactersListViewModel.swift in Sources */ = {isa = PBXBuildFile; fileRef = 622DE5BC2B5394D000D98804 /* CharactersListViewModel.swift */; };
		622DE5BF2B53991A00D98804 /* CharactersListView.swift in Sources */ = {isa = PBXBuildFile; fileRef = 622DE5BE2B53991A00D98804 /* CharactersListView.swift */; };
		62448B2B2B5BD37900370193 /* CharacterDetailViewModel.swift in Sources */ = {isa = PBXBuildFile; fileRef = 62448B2A2B5BD37900370193 /* CharacterDetailViewModel.swift */; };
		62448B2D2B5CD28A00370193 /* FooterLoadingCollectionReusableView.swift in Sources */ = {isa = PBXBuildFile; fileRef = 62448B2C2B5CD28A00370193 /* FooterLoadingCollectionReusableView.swift */; };
		625594CF2B46F48E001EDDD8 /* AppDelegate.swift in Sources */ = {isa = PBXBuildFile; fileRef = 625594CE2B46F48E001EDDD8 /* AppDelegate.swift */; };
		625594D12B46F48E001EDDD8 /* SceneDelegate.swift in Sources */ = {isa = PBXBuildFile; fileRef = 625594D02B46F48E001EDDD8 /* SceneDelegate.swift */; };
		625594D32B46F48E001EDDD8 /* MainTabViewController.swift in Sources */ = {isa = PBXBuildFile; fileRef = 625594D22B46F48E001EDDD8 /* MainTabViewController.swift */; };
		625594D82B46F48E001EDDD8 /* Assets.xcassets in Resources */ = {isa = PBXBuildFile; fileRef = 625594D72B46F48E001EDDD8 /* Assets.xcassets */; };
		625594DB2B46F48E001EDDD8 /* LaunchScreen.storyboard in Resources */ = {isa = PBXBuildFile; fileRef = 625594D92B46F48E001EDDD8 /* LaunchScreen.storyboard */; };
		625594E42B46F57C001EDDD8 /* SnapKit in Frameworks */ = {isa = PBXBuildFile; productRef = 625594E32B46F57C001EDDD8 /* SnapKit */; };
		625594EC2B46FE35001EDDD8 /* LocationModel.swift in Sources */ = {isa = PBXBuildFile; fileRef = 625594EB2B46FE35001EDDD8 /* LocationModel.swift */; };
		625594EE2B46FE66001EDDD8 /* CharacterModel.swift in Sources */ = {isa = PBXBuildFile; fileRef = 625594ED2B46FE66001EDDD8 /* CharacterModel.swift */; };
		625594F02B46FE7C001EDDD8 /* EpisodeModel.swift in Sources */ = {isa = PBXBuildFile; fileRef = 625594EF2B46FE7C001EDDD8 /* EpisodeModel.swift */; };
		625594F32B46FFEB001EDDD8 /* CharactersViewController.swift in Sources */ = {isa = PBXBuildFile; fileRef = 625594F22B46FFEB001EDDD8 /* CharactersViewController.swift */; };
		625594F52B470003001EDDD8 /* LocationViewController.swift in Sources */ = {isa = PBXBuildFile; fileRef = 625594F42B470003001EDDD8 /* LocationViewController.swift */; };
		625594F72B470012001EDDD8 /* EpisodeViewController.swift in Sources */ = {isa = PBXBuildFile; fileRef = 625594F62B470012001EDDD8 /* EpisodeViewController.swift */; };
		625594F92B4702F2001EDDD8 /* SettingViewController.swift in Sources */ = {isa = PBXBuildFile; fileRef = 625594F82B4702F2001EDDD8 /* SettingViewController.swift */; };
		625594FE2B470909001EDDD8 /* BaseViewController.swift in Sources */ = {isa = PBXBuildFile; fileRef = 625594FD2B470909001EDDD8 /* BaseViewController.swift */; };
		625595012B470991001EDDD8 /* GlobalExtension.swift in Sources */ = {isa = PBXBuildFile; fileRef = 625595002B470991001EDDD8 /* GlobalExtension.swift */; };
		625595032B470F95001EDDD8 /* APIService.swift in Sources */ = {isa = PBXBuildFile; fileRef = 625595022B470F95001EDDD8 /* APIService.swift */; };
		625595052B470FB9001EDDD8 /* Request.swift in Sources */ = {isa = PBXBuildFile; fileRef = 625595042B470FB9001EDDD8 /* Request.swift */; };
		625595072B470FCE001EDDD8 /* Endpoint.swift in Sources */ = {isa = PBXBuildFile; fileRef = 625595062B470FCE001EDDD8 /* Endpoint.swift */; };
		625595092B4713F1001EDDD8 /* OriginModel.swift in Sources */ = {isa = PBXBuildFile; fileRef = 625595082B4713F1001EDDD8 /* OriginModel.swift */; };
		6269AD3B2B56C4AD006C130B /* CharacterCollectionViewCell.swift in Sources */ = {isa = PBXBuildFile; fileRef = 6269AD3A2B56C4AD006C130B /* CharacterCollectionViewCell.swift */; };
		6269AD3D2B56CC90006C130B /* CharacterItemCellViewModel.swift in Sources */ = {isa = PBXBuildFile; fileRef = 6269AD3C2B56CC90006C130B /* CharacterItemCellViewModel.swift */; };
		6269AD3F2B56D61E006C130B /* Constants.swift in Sources */ = {isa = PBXBuildFile; fileRef = 6269AD3E2B56D61E006C130B /* Constants.swift */; };
		62A0F4532B54547D0049155F /* LoadingView.swift in Sources */ = {isa = PBXBuildFile; fileRef = 62A0F4522B54547D0049155F /* LoadingView.swift */; };
		62B359202B601F57008F4553 /* ImageLoader.swift in Sources */ = {isa = PBXBuildFile; fileRef = 62B3591F2B601F57008F4553 /* ImageLoader.swift */; };
		62B3F56A2B598B810042C9A7 /* CharacterDetailViewController.swift in Sources */ = {isa = PBXBuildFile; fileRef = 62B3F5692B598B810042C9A7 /* CharacterDetailViewController.swift */; };
		62B3F56C2B5991790042C9A7 /* CharacterDetailView.swift in Sources */ = {isa = PBXBuildFile; fileRef = 62B3F56B2B5991790042C9A7 /* CharacterDetailView.swift */; };
/* End PBXBuildFile section */

/* Begin PBXFileReference section */
		622DE5BA2B5387E700D98804 /* GetListCharactersResponse.swift */ = {isa = PBXFileReference; lastKnownFileType = sourcecode.swift; path = GetListCharactersResponse.swift; sourceTree = "<group>"; };
		622DE5BC2B5394D000D98804 /* CharactersListViewModel.swift */ = {isa = PBXFileReference; lastKnownFileType = sourcecode.swift; path = CharactersListViewModel.swift; sourceTree = "<group>"; };
		622DE5BE2B53991A00D98804 /* CharactersListView.swift */ = {isa = PBXFileReference; lastKnownFileType = sourcecode.swift; path = CharactersListView.swift; sourceTree = "<group>"; };
		62448B2A2B5BD37900370193 /* CharacterDetailViewModel.swift */ = {isa = PBXFileReference; lastKnownFileType = sourcecode.swift; path = CharacterDetailViewModel.swift; sourceTree = "<group>"; };
		62448B2C2B5CD28A00370193 /* FooterLoadingCollectionReusableView.swift */ = {isa = PBXFileReference; lastKnownFileType = sourcecode.swift; path = FooterLoadingCollectionReusableView.swift; sourceTree = "<group>"; };
		625594CB2B46F48E001EDDD8 /* rnm.app */ = {isa = PBXFileReference; explicitFileType = wrapper.application; includeInIndex = 0; path = rnm.app; sourceTree = BUILT_PRODUCTS_DIR; };
		625594CE2B46F48E001EDDD8 /* AppDelegate.swift */ = {isa = PBXFileReference; lastKnownFileType = sourcecode.swift; path = AppDelegate.swift; sourceTree = "<group>"; };
		625594D02B46F48E001EDDD8 /* SceneDelegate.swift */ = {isa = PBXFileReference; lastKnownFileType = sourcecode.swift; path = SceneDelegate.swift; sourceTree = "<group>"; };
		625594D22B46F48E001EDDD8 /* MainTabViewController.swift */ = {isa = PBXFileReference; lastKnownFileType = sourcecode.swift; path = MainTabViewController.swift; sourceTree = "<group>"; };
		625594D72B46F48E001EDDD8 /* Assets.xcassets */ = {isa = PBXFileReference; lastKnownFileType = folder.assetcatalog; path = Assets.xcassets; sourceTree = "<group>"; };
		625594DA2B46F48E001EDDD8 /* Base */ = {isa = PBXFileReference; lastKnownFileType = file.storyboard; name = Base; path = Base.lproj/LaunchScreen.storyboard; sourceTree = "<group>"; };
		625594DC2B46F48E001EDDD8 /* Info.plist */ = {isa = PBXFileReference; lastKnownFileType = text.plist.xml; path = Info.plist; sourceTree = "<group>"; };
		625594EB2B46FE35001EDDD8 /* LocationModel.swift */ = {isa = PBXFileReference; lastKnownFileType = sourcecode.swift; path = LocationModel.swift; sourceTree = "<group>"; };
		625594ED2B46FE66001EDDD8 /* CharacterModel.swift */ = {isa = PBXFileReference; lastKnownFileType = sourcecode.swift; path = CharacterModel.swift; sourceTree = "<group>"; };
		625594EF2B46FE7C001EDDD8 /* EpisodeModel.swift */ = {isa = PBXFileReference; lastKnownFileType = sourcecode.swift; path = EpisodeModel.swift; sourceTree = "<group>"; };
		625594F22B46FFEB001EDDD8 /* CharactersViewController.swift */ = {isa = PBXFileReference; lastKnownFileType = sourcecode.swift; path = CharactersViewController.swift; sourceTree = "<group>"; };
		625594F42B470003001EDDD8 /* LocationViewController.swift */ = {isa = PBXFileReference; lastKnownFileType = sourcecode.swift; path = LocationViewController.swift; sourceTree = "<group>"; };
		625594F62B470012001EDDD8 /* EpisodeViewController.swift */ = {isa = PBXFileReference; lastKnownFileType = sourcecode.swift; path = EpisodeViewController.swift; sourceTree = "<group>"; };
		625594F82B4702F2001EDDD8 /* SettingViewController.swift */ = {isa = PBXFileReference; lastKnownFileType = sourcecode.swift; path = SettingViewController.swift; sourceTree = "<group>"; };
		625594FD2B470909001EDDD8 /* BaseViewController.swift */ = {isa = PBXFileReference; lastKnownFileType = sourcecode.swift; path = BaseViewController.swift; sourceTree = "<group>"; };
		625595002B470991001EDDD8 /* GlobalExtension.swift */ = {isa = PBXFileReference; lastKnownFileType = sourcecode.swift; path = GlobalExtension.swift; sourceTree = "<group>"; };
		625595022B470F95001EDDD8 /* APIService.swift */ = {isa = PBXFileReference; lastKnownFileType = sourcecode.swift; path = APIService.swift; sourceTree = "<group>"; };
		625595042B470FB9001EDDD8 /* Request.swift */ = {isa = PBXFileReference; lastKnownFileType = sourcecode.swift; path = Request.swift; sourceTree = "<group>"; };
		625595062B470FCE001EDDD8 /* Endpoint.swift */ = {isa = PBXFileReference; lastKnownFileType = sourcecode.swift; path = Endpoint.swift; sourceTree = "<group>"; };
		625595082B4713F1001EDDD8 /* OriginModel.swift */ = {isa = PBXFileReference; lastKnownFileType = sourcecode.swift; path = OriginModel.swift; sourceTree = "<group>"; };
		6269AD3A2B56C4AD006C130B /* CharacterCollectionViewCell.swift */ = {isa = PBXFileReference; lastKnownFileType = sourcecode.swift; path = CharacterCollectionViewCell.swift; sourceTree = "<group>"; };
		6269AD3C2B56CC90006C130B /* CharacterItemCellViewModel.swift */ = {isa = PBXFileReference; lastKnownFileType = sourcecode.swift; path = CharacterItemCellViewModel.swift; sourceTree = "<group>"; };
		6269AD3E2B56D61E006C130B /* Constants.swift */ = {isa = PBXFileReference; lastKnownFileType = sourcecode.swift; path = Constants.swift; sourceTree = "<group>"; };
		62A0F4522B54547D0049155F /* LoadingView.swift */ = {isa = PBXFileReference; lastKnownFileType = sourcecode.swift; path = LoadingView.swift; sourceTree = "<group>"; };
		62B3591F2B601F57008F4553 /* ImageLoader.swift */ = {isa = PBXFileReference; lastKnownFileType = sourcecode.swift; path = ImageLoader.swift; sourceTree = "<group>"; };
		62B3F5692B598B810042C9A7 /* CharacterDetailViewController.swift */ = {isa = PBXFileReference; lastKnownFileType = sourcecode.swift; path = CharacterDetailViewController.swift; sourceTree = "<group>"; };
		62B3F56B2B5991790042C9A7 /* CharacterDetailView.swift */ = {isa = PBXFileReference; lastKnownFileType = sourcecode.swift; path = CharacterDetailView.swift; sourceTree = "<group>"; };
/* End PBXFileReference section */

/* Begin PBXFrameworksBuildPhase section */
		625594C82B46F48E001EDDD8 /* Frameworks */ = {
			isa = PBXFrameworksBuildPhase;
			buildActionMask = 2147483647;
			files = (
				625594E42B46F57C001EDDD8 /* SnapKit in Frameworks */,
			);
			runOnlyForDeploymentPostprocessing = 0;
		};
/* End PBXFrameworksBuildPhase section */

/* Begin PBXGroup section */
		622339062B4B2E0C00FE5664 /* DataTypes */ = {
			isa = PBXGroup;
			children = (
				625594EB2B46FE35001EDDD8 /* LocationModel.swift */,
				625594ED2B46FE66001EDDD8 /* CharacterModel.swift */,
				625594EF2B46FE7C001EDDD8 /* EpisodeModel.swift */,
				625595082B4713F1001EDDD8 /* OriginModel.swift */,
			);
			path = DataTypes;
			sourceTree = "<group>";
		};
		622339072B4B2E4200FE5664 /* APIResponseTypes */ = {
			isa = PBXGroup;
			children = (
				622DE5BA2B5387E700D98804 /* GetListCharactersResponse.swift */,
			);
			path = APIResponseTypes;
			sourceTree = "<group>";
		};
		625594C22B46F48D001EDDD8 = {
			isa = PBXGroup;
			children = (
				625594CD2B46F48E001EDDD8 /* rnm */,
				625594CC2B46F48E001EDDD8 /* Products */,
			);
			sourceTree = "<group>";
		};
		625594CC2B46F48E001EDDD8 /* Products */ = {
			isa = PBXGroup;
			children = (
				625594CB2B46F48E001EDDD8 /* rnm.app */,
			);
			name = Products;
			sourceTree = "<group>";
		};
		625594CD2B46F48E001EDDD8 /* rnm */ = {
			isa = PBXGroup;
			children = (
				625594FF2B47097F001EDDD8 /* Utils */,
				625594EA2B46FBA3001EDDD8 /* Resources */,
				625594E92B46FB9E001EDDD8 /* Services */,
				625594E82B46FB93001EDDD8 /* ViewModels */,
				625594E72B46FB8E001EDDD8 /* Views */,
				625594E62B46FB80001EDDD8 /* Models */,
				625594E52B46FA10001EDDD8 /* Controllers */,
				625594DC2B46F48E001EDDD8 /* Info.plist */,
			);
			path = rnm;
			sourceTree = "<group>";
		};
		625594E52B46FA10001EDDD8 /* Controllers */ = {
			isa = PBXGroup;
			children = (
				625594FA2B4708C3001EDDD8 /* Screens */,
				625594F12B46FFC7001EDDD8 /* TabBar */,
				625594D22B46F48E001EDDD8 /* MainTabViewController.swift */,
			);
			path = Controllers;
			sourceTree = "<group>";
		};
		625594E62B46FB80001EDDD8 /* Models */ = {
			isa = PBXGroup;
			children = (
				622339072B4B2E4200FE5664 /* APIResponseTypes */,
				622339062B4B2E0C00FE5664 /* DataTypes */,
			);
			path = Models;
			sourceTree = "<group>";
		};
		625594E72B46FB8E001EDDD8 /* Views */ = {
			isa = PBXGroup;
			children = (
				6269AD392B56C491006C130B /* Cell */,
				622DE5BE2B53991A00D98804 /* CharactersListView.swift */,
				62A0F4522B54547D0049155F /* LoadingView.swift */,
				62B3F56B2B5991790042C9A7 /* CharacterDetailView.swift */,
				62448B2C2B5CD28A00370193 /* FooterLoadingCollectionReusableView.swift */,
			);
			path = Views;
			sourceTree = "<group>";
		};
		625594E82B46FB93001EDDD8 /* ViewModels */ = {
			isa = PBXGroup;
			children = (
				622DE5BC2B5394D000D98804 /* CharactersListViewModel.swift */,
				6269AD3C2B56CC90006C130B /* CharacterItemCellViewModel.swift */,
				62448B2A2B5BD37900370193 /* CharacterDetailViewModel.swift */,
			);
			path = ViewModels;
			sourceTree = "<group>";
		};
		625594E92B46FB9E001EDDD8 /* Services */ = {
			isa = PBXGroup;
			children = (
				625595022B470F95001EDDD8 /* APIService.swift */,
				625595042B470FB9001EDDD8 /* Request.swift */,
				625595062B470FCE001EDDD8 /* Endpoint.swift */,
				62B3591F2B601F57008F4553 /* ImageLoader.swift */,
			);
			path = Services;
			sourceTree = "<group>";
		};
		625594EA2B46FBA3001EDDD8 /* Resources */ = {
			isa = PBXGroup;
			children = (
				625594D72B46F48E001EDDD8 /* Assets.xcassets */,
				625594D92B46F48E001EDDD8 /* LaunchScreen.storyboard */,
				625594CE2B46F48E001EDDD8 /* AppDelegate.swift */,
				625594D02B46F48E001EDDD8 /* SceneDelegate.swift */,
			);
			path = Resources;
			sourceTree = "<group>";
		};
		625594F12B46FFC7001EDDD8 /* TabBar */ = {
			isa = PBXGroup;
			children = (
				625594F22B46FFEB001EDDD8 /* CharactersViewController.swift */,
				625594F42B470003001EDDD8 /* LocationViewController.swift */,
				625594F62B470012001EDDD8 /* EpisodeViewController.swift */,
				625594F82B4702F2001EDDD8 /* SettingViewController.swift */,
			);
			path = TabBar;
			sourceTree = "<group>";
		};
		625594FA2B4708C3001EDDD8 /* Screens */ = {
			isa = PBXGroup;
			children = (
				625594FD2B470909001EDDD8 /* BaseViewController.swift */,
				62B3F5692B598B810042C9A7 /* CharacterDetailViewController.swift */,
			);
			path = Screens;
			sourceTree = "<group>";
		};
		625594FF2B47097F001EDDD8 /* Utils */ = {
			isa = PBXGroup;
			children = (
				625595002B470991001EDDD8 /* GlobalExtension.swift */,
				6269AD3E2B56D61E006C130B /* Constants.swift */,
			);
			path = Utils;
			sourceTree = "<group>";
		};
		6269AD392B56C491006C130B /* Cell */ = {
			isa = PBXGroup;
			children = (
				6269AD3A2B56C4AD006C130B /* CharacterCollectionViewCell.swift */,
			);
			path = Cell;
			sourceTree = "<group>";
		};
/* End PBXGroup section */

/* Begin PBXNativeTarget section */
		625594CA2B46F48E001EDDD8 /* rnm */ = {
			isa = PBXNativeTarget;
			buildConfigurationList = 625594DF2B46F48E001EDDD8 /* Build configuration list for PBXNativeTarget "rnm" */;
			buildPhases = (
				625594C72B46F48E001EDDD8 /* Sources */,
				625594C82B46F48E001EDDD8 /* Frameworks */,
				625594C92B46F48E001EDDD8 /* Resources */,
			);
			buildRules = (
			);
			dependencies = (
			);
			name = rnm;
			packageProductDependencies = (
				625594E32B46F57C001EDDD8 /* SnapKit */,
			);
			productName = rnm;
			productReference = 625594CB2B46F48E001EDDD8 /* rnm.app */;
			productType = "com.apple.product-type.application";
		};
/* End PBXNativeTarget section */

/* Begin PBXProject section */
		625594C32B46F48D001EDDD8 /* Project object */ = {
			isa = PBXProject;
			attributes = {
				BuildIndependentTargetsInParallel = 1;
				LastSwiftUpdateCheck = 1420;
				LastUpgradeCheck = 1420;
				TargetAttributes = {
					625594CA2B46F48E001EDDD8 = {
						CreatedOnToolsVersion = 14.2;
					};
				};
			};
			buildConfigurationList = 625594C62B46F48D001EDDD8 /* Build configuration list for PBXProject "rnm" */;
			compatibilityVersion = "Xcode 14.0";
			developmentRegion = en;
			hasScannedForEncodings = 0;
			knownRegions = (
				en,
				Base,
			);
			mainGroup = 625594C22B46F48D001EDDD8;
			packageReferences = (
				625594E22B46F57C001EDDD8 /* XCRemoteSwiftPackageReference "SnapKit" */,
			);
			productRefGroup = 625594CC2B46F48E001EDDD8 /* Products */;
			projectDirPath = "";
			projectRoot = "";
			targets = (
				625594CA2B46F48E001EDDD8 /* rnm */,
			);
		};
/* End PBXProject section */

/* Begin PBXResourcesBuildPhase section */
		625594C92B46F48E001EDDD8 /* Resources */ = {
			isa = PBXResourcesBuildPhase;
			buildActionMask = 2147483647;
			files = (
				625594DB2B46F48E001EDDD8 /* LaunchScreen.storyboard in Resources */,
				625594D82B46F48E001EDDD8 /* Assets.xcassets in Resources */,
			);
			runOnlyForDeploymentPostprocessing = 0;
		};
/* End PBXResourcesBuildPhase section */

/* Begin PBXSourcesBuildPhase section */
		625594C72B46F48E001EDDD8 /* Sources */ = {
			isa = PBXSourcesBuildPhase;
			buildActionMask = 2147483647;
			files = (
				622DE5BD2B5394D000D98804 /* CharactersListViewModel.swift in Sources */,
				622DE5BF2B53991A00D98804 /* CharactersListView.swift in Sources */,
				625594F52B470003001EDDD8 /* LocationViewController.swift in Sources */,
				625594F02B46FE7C001EDDD8 /* EpisodeModel.swift in Sources */,
				625594D32B46F48E001EDDD8 /* MainTabViewController.swift in Sources */,
				625594F72B470012001EDDD8 /* EpisodeViewController.swift in Sources */,
				6269AD3F2B56D61E006C130B /* Constants.swift in Sources */,
				6269AD3B2B56C4AD006C130B /* CharacterCollectionViewCell.swift in Sources */,
				625595072B470FCE001EDDD8 /* Endpoint.swift in Sources */,
				62448B2D2B5CD28A00370193 /* FooterLoadingCollectionReusableView.swift in Sources */,
				625595092B4713F1001EDDD8 /* OriginModel.swift in Sources */,
				625594CF2B46F48E001EDDD8 /* AppDelegate.swift in Sources */,
				62448B2B2B5BD37900370193 /* CharacterDetailViewModel.swift in Sources */,
				622DE5BB2B5387E700D98804 /* GetListCharactersResponse.swift in Sources */,
				62B359202B601F57008F4553 /* ImageLoader.swift in Sources */,
				625594F92B4702F2001EDDD8 /* SettingViewController.swift in Sources */,
				62B3F56A2B598B810042C9A7 /* CharacterDetailViewController.swift in Sources */,
				625595012B470991001EDDD8 /* GlobalExtension.swift in Sources */,
				625594FE2B470909001EDDD8 /* BaseViewController.swift in Sources */,
				62A0F4532B54547D0049155F /* LoadingView.swift in Sources */,
				625595052B470FB9001EDDD8 /* Request.swift in Sources */,
				625594EC2B46FE35001EDDD8 /* LocationModel.swift in Sources */,
				625595032B470F95001EDDD8 /* APIService.swift in Sources */,
				62B3F56C2B5991790042C9A7 /* CharacterDetailView.swift in Sources */,
				6269AD3D2B56CC90006C130B /* CharacterItemCellViewModel.swift in Sources */,
				625594D12B46F48E001EDDD8 /* SceneDelegate.swift in Sources */,
				625594EE2B46FE66001EDDD8 /* CharacterModel.swift in Sources */,
				625594F32B46FFEB001EDDD8 /* CharactersViewController.swift in Sources */,
			);
			runOnlyForDeploymentPostprocessing = 0;
		};
/* End PBXSourcesBuildPhase section */

/* Begin PBXVariantGroup section */
		625594D92B46F48E001EDDD8 /* LaunchScreen.storyboard */ = {
			isa = PBXVariantGroup;
			children = (
				625594DA2B46F48E001EDDD8 /* Base */,
			);
			name = LaunchScreen.storyboard;
			sourceTree = "<group>";
		};
/* End PBXVariantGroup section */

/* Begin XCBuildConfiguration section */
		625594DD2B46F48E001EDDD8 /* Debug */ = {
			isa = XCBuildConfiguration;
			buildSettings = {
				ALWAYS_SEARCH_USER_PATHS = NO;
				CLANG_ANALYZER_NONNULL = YES;
				CLANG_ANALYZER_NUMBER_OBJECT_CONVERSION = YES_AGGRESSIVE;
				CLANG_CXX_LANGUAGE_STANDARD = "gnu++20";
				CLANG_ENABLE_MODULES = YES;
				CLANG_ENABLE_OBJC_ARC = YES;
				CLANG_ENABLE_OBJC_WEAK = YES;
				CLANG_WARN_BLOCK_CAPTURE_AUTORELEASING = YES;
				CLANG_WARN_BOOL_CONVERSION = YES;
				CLANG_WARN_COMMA = YES;
				CLANG_WARN_CONSTANT_CONVERSION = YES;
				CLANG_WARN_DEPRECATED_OBJC_IMPLEMENTATIONS = YES;
				CLANG_WARN_DIRECT_OBJC_ISA_USAGE = YES_ERROR;
				CLANG_WARN_DOCUMENTATION_COMMENTS = YES;
				CLANG_WARN_EMPTY_BODY = YES;
				CLANG_WARN_ENUM_CONVERSION = YES;
				CLANG_WARN_INFINITE_RECURSION = YES;
				CLANG_WARN_INT_CONVERSION = YES;
				CLANG_WARN_NON_LITERAL_NULL_CONVERSION = YES;
				CLANG_WARN_OBJC_IMPLICIT_RETAIN_SELF = YES;
				CLANG_WARN_OBJC_LITERAL_CONVERSION = YES;
				CLANG_WARN_OBJC_ROOT_CLASS = YES_ERROR;
				CLANG_WARN_QUOTED_INCLUDE_IN_FRAMEWORK_HEADER = YES;
				CLANG_WARN_RANGE_LOOP_ANALYSIS = YES;
				CLANG_WARN_STRICT_PROTOTYPES = YES;
				CLANG_WARN_SUSPICIOUS_MOVE = YES;
				CLANG_WARN_UNGUARDED_AVAILABILITY = YES_AGGRESSIVE;
				CLANG_WARN_UNREACHABLE_CODE = YES;
				CLANG_WARN__DUPLICATE_METHOD_MATCH = YES;
				COPY_PHASE_STRIP = NO;
				DEBUG_INFORMATION_FORMAT = dwarf;
				ENABLE_STRICT_OBJC_MSGSEND = YES;
				ENABLE_TESTABILITY = YES;
				GCC_C_LANGUAGE_STANDARD = gnu11;
				GCC_DYNAMIC_NO_PIC = NO;
				GCC_NO_COMMON_BLOCKS = YES;
				GCC_OPTIMIZATION_LEVEL = 0;
				GCC_PREPROCESSOR_DEFINITIONS = (
					"DEBUG=1",
					"$(inherited)",
				);
				GCC_WARN_64_TO_32_BIT_CONVERSION = YES;
				GCC_WARN_ABOUT_RETURN_TYPE = YES_ERROR;
				GCC_WARN_UNDECLARED_SELECTOR = YES;
				GCC_WARN_UNINITIALIZED_AUTOS = YES_AGGRESSIVE;
				GCC_WARN_UNUSED_FUNCTION = YES;
				GCC_WARN_UNUSED_VARIABLE = YES;
				IPHONEOS_DEPLOYMENT_TARGET = 16.2;
				MTL_ENABLE_DEBUG_INFO = INCLUDE_SOURCE;
				MTL_FAST_MATH = YES;
				ONLY_ACTIVE_ARCH = YES;
				SDKROOT = iphoneos;
				SWIFT_ACTIVE_COMPILATION_CONDITIONS = DEBUG;
				SWIFT_OPTIMIZATION_LEVEL = "-Onone";
			};
			name = Debug;
		};
		625594DE2B46F48E001EDDD8 /* Release */ = {
			isa = XCBuildConfiguration;
			buildSettings = {
				ALWAYS_SEARCH_USER_PATHS = NO;
				CLANG_ANALYZER_NONNULL = YES;
				CLANG_ANALYZER_NUMBER_OBJECT_CONVERSION = YES_AGGRESSIVE;
				CLANG_CXX_LANGUAGE_STANDARD = "gnu++20";
				CLANG_ENABLE_MODULES = YES;
				CLANG_ENABLE_OBJC_ARC = YES;
				CLANG_ENABLE_OBJC_WEAK = YES;
				CLANG_WARN_BLOCK_CAPTURE_AUTORELEASING = YES;
				CLANG_WARN_BOOL_CONVERSION = YES;
				CLANG_WARN_COMMA = YES;
				CLANG_WARN_CONSTANT_CONVERSION = YES;
				CLANG_WARN_DEPRECATED_OBJC_IMPLEMENTATIONS = YES;
				CLANG_WARN_DIRECT_OBJC_ISA_USAGE = YES_ERROR;
				CLANG_WARN_DOCUMENTATION_COMMENTS = YES;
				CLANG_WARN_EMPTY_BODY = YES;
				CLANG_WARN_ENUM_CONVERSION = YES;
				CLANG_WARN_INFINITE_RECURSION = YES;
				CLANG_WARN_INT_CONVERSION = YES;
				CLANG_WARN_NON_LITERAL_NULL_CONVERSION = YES;
				CLANG_WARN_OBJC_IMPLICIT_RETAIN_SELF = YES;
				CLANG_WARN_OBJC_LITERAL_CONVERSION = YES;
				CLANG_WARN_OBJC_ROOT_CLASS = YES_ERROR;
				CLANG_WARN_QUOTED_INCLUDE_IN_FRAMEWORK_HEADER = YES;
				CLANG_WARN_RANGE_LOOP_ANALYSIS = YES;
				CLANG_WARN_STRICT_PROTOTYPES = YES;
				CLANG_WARN_SUSPICIOUS_MOVE = YES;
				CLANG_WARN_UNGUARDED_AVAILABILITY = YES_AGGRESSIVE;
				CLANG_WARN_UNREACHABLE_CODE = YES;
				CLANG_WARN__DUPLICATE_METHOD_MATCH = YES;
				COPY_PHASE_STRIP = NO;
				DEBUG_INFORMATION_FORMAT = "dwarf-with-dsym";
				ENABLE_NS_ASSERTIONS = NO;
				ENABLE_STRICT_OBJC_MSGSEND = YES;
				GCC_C_LANGUAGE_STANDARD = gnu11;
				GCC_NO_COMMON_BLOCKS = YES;
				GCC_WARN_64_TO_32_BIT_CONVERSION = YES;
				GCC_WARN_ABOUT_RETURN_TYPE = YES_ERROR;
				GCC_WARN_UNDECLARED_SELECTOR = YES;
				GCC_WARN_UNINITIALIZED_AUTOS = YES_AGGRESSIVE;
				GCC_WARN_UNUSED_FUNCTION = YES;
				GCC_WARN_UNUSED_VARIABLE = YES;
				IPHONEOS_DEPLOYMENT_TARGET = 16.2;
				MTL_ENABLE_DEBUG_INFO = NO;
				MTL_FAST_MATH = YES;
				SDKROOT = iphoneos;
				SWIFT_COMPILATION_MODE = wholemodule;
				SWIFT_OPTIMIZATION_LEVEL = "-O";
				VALIDATE_PRODUCT = YES;
			};
			name = Release;
		};
		625594E02B46F48E001EDDD8 /* Debug */ = {
			isa = XCBuildConfiguration;
			buildSettings = {
				ASSETCATALOG_COMPILER_APPICON_NAME = AppIcon;
				ASSETCATALOG_COMPILER_GLOBAL_ACCENT_COLOR_NAME = AccentColor;
				CODE_SIGN_STYLE = Automatic;
				CURRENT_PROJECT_VERSION = 1;
				DEVELOPMENT_TEAM = MS7R4SH59K;
				GENERATE_INFOPLIST_FILE = YES;
				INFOPLIST_FILE = rnm/Info.plist;
				INFOPLIST_KEY_UIApplicationSupportsIndirectInputEvents = YES;
				INFOPLIST_KEY_UILaunchStoryboardName = LaunchScreen;
				INFOPLIST_KEY_UISupportedInterfaceOrientations_iPad = "UIInterfaceOrientationPortrait UIInterfaceOrientationPortraitUpsideDown UIInterfaceOrientationLandscapeLeft UIInterfaceOrientationLandscapeRight";
				INFOPLIST_KEY_UISupportedInterfaceOrientations_iPhone = "UIInterfaceOrientationPortrait UIInterfaceOrientationLandscapeLeft UIInterfaceOrientationLandscapeRight";
				IPHONEOS_DEPLOYMENT_TARGET = 13.0;
				LD_RUNPATH_SEARCH_PATHS = (
					"$(inherited)",
					"@executable_path/Frameworks",
				);
				MARKETING_VERSION = 1.0;
				PRODUCT_BUNDLE_IDENTIFIER = com.duydaudzu.rnm;
				PRODUCT_NAME = "$(TARGET_NAME)";
				SWIFT_EMIT_LOC_STRINGS = YES;
				SWIFT_VERSION = 5.0;
				TARGETED_DEVICE_FAMILY = "1,2";
			};
			name = Debug;
		};
		625594E12B46F48E001EDDD8 /* Release */ = {
			isa = XCBuildConfiguration;
			buildSettings = {
				ASSETCATALOG_COMPILER_APPICON_NAME = AppIcon;
				ASSETCATALOG_COMPILER_GLOBAL_ACCENT_COLOR_NAME = AccentColor;
				CODE_SIGN_STYLE = Automatic;
				CURRENT_PROJECT_VERSION = 1;
				DEVELOPMENT_TEAM = MS7R4SH59K;
				GENERATE_INFOPLIST_FILE = YES;
				INFOPLIST_FILE = rnm/Info.plist;
				INFOPLIST_KEY_UIApplicationSupportsIndirectInputEvents = YES;
				INFOPLIST_KEY_UILaunchStoryboardName = LaunchScreen;
				INFOPLIST_KEY_UISupportedInterfaceOrientations_iPad = "UIInterfaceOrientationPortrait UIInterfaceOrientationPortraitUpsideDown UIInterfaceOrientationLandscapeLeft UIInterfaceOrientationLandscapeRight";
				INFOPLIST_KEY_UISupportedInterfaceOrientations_iPhone = "UIInterfaceOrientationPortrait UIInterfaceOrientationLandscapeLeft UIInterfaceOrientationLandscapeRight";
				IPHONEOS_DEPLOYMENT_TARGET = 13.0;
				LD_RUNPATH_SEARCH_PATHS = (
					"$(inherited)",
					"@executable_path/Frameworks",
				);
				MARKETING_VERSION = 1.0;
				PRODUCT_BUNDLE_IDENTIFIER = com.duydaudzu.rnm;
				PRODUCT_NAME = "$(TARGET_NAME)";
				SWIFT_EMIT_LOC_STRINGS = YES;
				SWIFT_VERSION = 5.0;
				TARGETED_DEVICE_FAMILY = "1,2";
			};
			name = Release;
		};
/* End XCBuildConfiguration section */

/* Begin XCConfigurationList section */
		625594C62B46F48D001EDDD8 /* Build configuration list for PBXProject "rnm" */ = {
			isa = XCConfigurationList;
			buildConfigurations = (
				625594DD2B46F48E001EDDD8 /* Debug */,
				625594DE2B46F48E001EDDD8 /* Release */,
			);
			defaultConfigurationIsVisible = 0;
			defaultConfigurationName = Release;
		};
		625594DF2B46F48E001EDDD8 /* Build configuration list for PBXNativeTarget "rnm" */ = {
			isa = XCConfigurationList;
			buildConfigurations = (
				625594E02B46F48E001EDDD8 /* Debug */,
				625594E12B46F48E001EDDD8 /* Release */,
			);
			defaultConfigurationIsVisible = 0;
			defaultConfigurationName = Release;
		};
/* End XCConfigurationList section */

/* Begin XCRemoteSwiftPackageReference section */
		625594E22B46F57C001EDDD8 /* XCRemoteSwiftPackageReference "SnapKit" */ = {
			isa = XCRemoteSwiftPackageReference;
			repositoryURL = "https://github.com/SnapKit/SnapKit";
			requirement = {
				kind = exactVersion;
				version = 5.6.0;
			};
		};
/* End XCRemoteSwiftPackageReference section */

/* Begin XCSwiftPackageProductDependency section */
		625594E32B46F57C001EDDD8 /* SnapKit */ = {
			isa = XCSwiftPackageProductDependency;
			package = 625594E22B46F57C001EDDD8 /* XCRemoteSwiftPackageReference "SnapKit" */;
			productName = SnapKit;
		};
/* End XCSwiftPackageProductDependency section */
	};
	rootObject = 625594C32B46F48D001EDDD8 /* Project object */;
}
